// !$*UTF8*$!
{
	archiveVersion = 1;
	classes = {
	};
	objectVersion = 56;
	objects = {

/* Begin PBXBuildFile section */
		52698AD12AB3232B0054E987 /* DriverAnnatation.swift in Sources */ = {isa = PBXBuildFile; fileRef = 52698AD02AB3232B0054E987 /* DriverAnnatation.swift */; };
		52917DF12AA9A16F000FDD67 /* LocationInputActivationView.swift in Sources */ = {isa = PBXBuildFile; fileRef = 52917DF02AA9A16F000FDD67 /* LocationInputActivationView.swift */; };
		52917DF32AA9DEF3000FDD67 /* LocationInputView.swift in Sources */ = {isa = PBXBuildFile; fileRef = 52917DF22AA9DEF3000FDD67 /* LocationInputView.swift */; };
		52917DF52AAAF2B1000FDD67 /* LocationCell.swift in Sources */ = {isa = PBXBuildFile; fileRef = 52917DF42AAAF2B1000FDD67 /* LocationCell.swift */; };
		52917DF72AAB394D000FDD67 /* Service.swift in Sources */ = {isa = PBXBuildFile; fileRef = 52917DF62AAB394D000FDD67 /* Service.swift */; };
		52917DF92AAB448A000FDD67 /* User.swift in Sources */ = {isa = PBXBuildFile; fileRef = 52917DF82AAB448A000FDD67 /* User.swift */; };
		52917DFB2AAB6104000FDD67 /* LocationHandler.swift in Sources */ = {isa = PBXBuildFile; fileRef = 52917DFA2AAB6104000FDD67 /* LocationHandler.swift */; };
		52A3A6A02AB4971E00AD0B09 /* RideActionView.swift in Sources */ = {isa = PBXBuildFile; fileRef = 52A3A69F2AB4971E00AD0B09 /* RideActionView.swift */; };
		52A3A6A22AB4E01C00AD0B09 /* Trip.swift in Sources */ = {isa = PBXBuildFile; fileRef = 52A3A6A12AB4E01C00AD0B09 /* Trip.swift */; };
		52BF155F2AA817D300167E5C /* LoginController.swift in Sources */ = {isa = PBXBuildFile; fileRef = 52BF155E2AA817D300167E5C /* LoginController.swift */; };
		52BF15612AA8577B00167E5C /* SignUpController.swift in Sources */ = {isa = PBXBuildFile; fileRef = 52BF15602AA8577B00167E5C /* SignUpController.swift */; };
		52BF15632AA8AE0F00167E5C /* AuthButton.swift in Sources */ = {isa = PBXBuildFile; fileRef = 52BF15622AA8AE0F00167E5C /* AuthButton.swift */; };
		52BF15652AA8BC1500167E5C /* GoogleService-Info.plist in Resources */ = {isa = PBXBuildFile; fileRef = 52BF15642AA8BC1500167E5C /* GoogleService-Info.plist */; };
		52BF15672AA8F5CD00167E5C /* HomeViewController.swift in Sources */ = {isa = PBXBuildFile; fileRef = 52BF15662AA8F5CD00167E5C /* HomeViewController.swift */; };
		52C0067B2AA7884A006633F1 /* AppDelegate.swift in Sources */ = {isa = PBXBuildFile; fileRef = 52C0067A2AA7884A006633F1 /* AppDelegate.swift */; };
		52C006842AA7884C006633F1 /* Assets.xcassets in Resources */ = {isa = PBXBuildFile; fileRef = 52C006832AA7884C006633F1 /* Assets.xcassets */; };
		52C006872AA7884C006633F1 /* LaunchScreen.storyboard in Resources */ = {isa = PBXBuildFile; fileRef = 52C006852AA7884C006633F1 /* LaunchScreen.storyboard */; };
		52C006962AA7924F006633F1 /* Extantions.swift in Sources */ = {isa = PBXBuildFile; fileRef = 52C006952AA7924F006633F1 /* Extantions.swift */; };
		83313EEA7B39100582405E28 /* Pods_UBER.framework in Frameworks */ = {isa = PBXBuildFile; fileRef = A3EFCA7D92DB3089FFA947C2 /* Pods_UBER.framework */; };
/* End PBXBuildFile section */

/* Begin PBXFileReference section */
		0B023CD4F25542D7966DBB26 /* Pods-UBER.debug.xcconfig */ = {isa = PBXFileReference; includeInIndex = 1; lastKnownFileType = text.xcconfig; name = "Pods-UBER.debug.xcconfig"; path = "Target Support Files/Pods-UBER/Pods-UBER.debug.xcconfig"; sourceTree = "<group>"; };
		333F0D6258D68227EBEC3852 /* Pods-UBER.release.xcconfig */ = {isa = PBXFileReference; includeInIndex = 1; lastKnownFileType = text.xcconfig; name = "Pods-UBER.release.xcconfig"; path = "Target Support Files/Pods-UBER/Pods-UBER.release.xcconfig"; sourceTree = "<group>"; };
		52698AD02AB3232B0054E987 /* DriverAnnatation.swift */ = {isa = PBXFileReference; lastKnownFileType = sourcecode.swift; path = DriverAnnatation.swift; sourceTree = "<group>"; };
		52917DF02AA9A16F000FDD67 /* LocationInputActivationView.swift */ = {isa = PBXFileReference; lastKnownFileType = sourcecode.swift; path = LocationInputActivationView.swift; sourceTree = "<group>"; };
		52917DF22AA9DEF3000FDD67 /* LocationInputView.swift */ = {isa = PBXFileReference; lastKnownFileType = sourcecode.swift; path = LocationInputView.swift; sourceTree = "<group>"; };
		52917DF42AAAF2B1000FDD67 /* LocationCell.swift */ = {isa = PBXFileReference; lastKnownFileType = sourcecode.swift; path = LocationCell.swift; sourceTree = "<group>"; };
		52917DF62AAB394D000FDD67 /* Service.swift */ = {isa = PBXFileReference; lastKnownFileType = sourcecode.swift; path = Service.swift; sourceTree = "<group>"; };
		52917DF82AAB448A000FDD67 /* User.swift */ = {isa = PBXFileReference; lastKnownFileType = sourcecode.swift; path = User.swift; sourceTree = "<group>"; };
		52917DFA2AAB6104000FDD67 /* LocationHandler.swift */ = {isa = PBXFileReference; lastKnownFileType = sourcecode.swift; path = LocationHandler.swift; sourceTree = "<group>"; };
		52A3A69F2AB4971E00AD0B09 /* RideActionView.swift */ = {isa = PBXFileReference; lastKnownFileType = sourcecode.swift; path = RideActionView.swift; sourceTree = "<group>"; };
		52A3A6A12AB4E01C00AD0B09 /* Trip.swift */ = {isa = PBXFileReference; lastKnownFileType = sourcecode.swift; path = Trip.swift; sourceTree = "<group>"; };
		52BF155E2AA817D300167E5C /* LoginController.swift */ = {isa = PBXFileReference; lastKnownFileType = sourcecode.swift; path = LoginController.swift; sourceTree = "<group>"; };
		52BF15602AA8577B00167E5C /* SignUpController.swift */ = {isa = PBXFileReference; lastKnownFileType = sourcecode.swift; path = SignUpController.swift; sourceTree = "<group>"; };
		52BF15622AA8AE0F00167E5C /* AuthButton.swift */ = {isa = PBXFileReference; lastKnownFileType = sourcecode.swift; path = AuthButton.swift; sourceTree = "<group>"; };
		52BF15642AA8BC1500167E5C /* GoogleService-Info.plist */ = {isa = PBXFileReference; fileEncoding = 4; lastKnownFileType = text.plist.xml; name = "GoogleService-Info.plist"; path = "../../GoogleService-Info.plist"; sourceTree = "<group>"; };
		52BF15662AA8F5CD00167E5C /* HomeViewController.swift */ = {isa = PBXFileReference; lastKnownFileType = sourcecode.swift; path = HomeViewController.swift; sourceTree = "<group>"; };
		52C006772AA7884A006633F1 /* UBER.app */ = {isa = PBXFileReference; explicitFileType = wrapper.application; includeInIndex = 0; path = UBER.app; sourceTree = BUILT_PRODUCTS_DIR; };
		52C0067A2AA7884A006633F1 /* AppDelegate.swift */ = {isa = PBXFileReference; lastKnownFileType = sourcecode.swift; path = AppDelegate.swift; sourceTree = "<group>"; };
		52C006832AA7884C006633F1 /* Assets.xcassets */ = {isa = PBXFileReference; lastKnownFileType = folder.assetcatalog; path = Assets.xcassets; sourceTree = "<group>"; };
		52C006862AA7884C006633F1 /* Base */ = {isa = PBXFileReference; lastKnownFileType = file.storyboard; name = Base; path = Base.lproj/LaunchScreen.storyboard; sourceTree = "<group>"; };
		52C006882AA7884C006633F1 /* Info.plist */ = {isa = PBXFileReference; lastKnownFileType = text.plist.xml; path = Info.plist; sourceTree = "<group>"; };
		52C006952AA7924F006633F1 /* Extantions.swift */ = {isa = PBXFileReference; lastKnownFileType = sourcecode.swift; path = Extantions.swift; sourceTree = "<group>"; };
		A3EFCA7D92DB3089FFA947C2 /* Pods_UBER.framework */ = {isa = PBXFileReference; explicitFileType = wrapper.framework; includeInIndex = 0; path = Pods_UBER.framework; sourceTree = BUILT_PRODUCTS_DIR; };
/* End PBXFileReference section */

/* Begin PBXFrameworksBuildPhase section */
		52C006742AA7884A006633F1 /* Frameworks */ = {
			isa = PBXFrameworksBuildPhase;
			buildActionMask = 2147483647;
			files = (
				83313EEA7B39100582405E28 /* Pods_UBER.framework in Frameworks */,
			);
			runOnlyForDeploymentPostprocessing = 0;
		};
/* End PBXFrameworksBuildPhase section */

/* Begin PBXGroup section */
		15DC9FEBBFE05629A708C621 /* Frameworks */ = {
			isa = PBXGroup;
			children = (
				A3EFCA7D92DB3089FFA947C2 /* Pods_UBER.framework */,
			);
			name = Frameworks;
			sourceTree = "<group>";
		};
		52BF155D2AA817A500167E5C /* Controller */ = {
			isa = PBXGroup;
			children = (
				52BF155E2AA817D300167E5C /* LoginController.swift */,
				52BF15602AA8577B00167E5C /* SignUpController.swift */,
				52BF15662AA8F5CD00167E5C /* HomeViewController.swift */,
			);
			path = Controller;
			sourceTree = "<group>";
		};
		52C0066E2AA7884A006633F1 = {
			isa = PBXGroup;
			children = (
				52C006792AA7884A006633F1 /* UBER */,
				52C006782AA7884A006633F1 /* Products */,
				9D69DAD5AE59310965EF200D /* Pods */,
				15DC9FEBBFE05629A708C621 /* Frameworks */,
			);
			sourceTree = "<group>";
		};
		52C006782AA7884A006633F1 /* Products */ = {
			isa = PBXGroup;
			children = (
				52C006772AA7884A006633F1 /* UBER.app */,
			);
			name = Products;
			sourceTree = "<group>";
		};
		52C006792AA7884A006633F1 /* UBER */ = {
			isa = PBXGroup;
			children = (
				52C006922AA78965006633F1 /* Model */,
				52C006912AA78964006633F1 /* View */,
				52BF155D2AA817A500167E5C /* Controller */,
				52C0068F2AA7895C006633F1 /* Service */,
				52C0068E2AA78959006633F1 /* Utils */,
				52C0067A2AA7884A006633F1 /* AppDelegate.swift */,
				52C006832AA7884C006633F1 /* Assets.xcassets */,
				52C006852AA7884C006633F1 /* LaunchScreen.storyboard */,
				52BF15642AA8BC1500167E5C /* GoogleService-Info.plist */,
				52C006882AA7884C006633F1 /* Info.plist */,
			);
			path = UBER;
			sourceTree = "<group>";
		};
		52C0068E2AA78959006633F1 /* Utils */ = {
			isa = PBXGroup;
			children = (
				52C006952AA7924F006633F1 /* Extantions.swift */,
				52917DFA2AAB6104000FDD67 /* LocationHandler.swift */,
			);
			path = Utils;
			sourceTree = "<group>";
		};
		52C0068F2AA7895C006633F1 /* Service */ = {
			isa = PBXGroup;
			children = (
				52917DF62AAB394D000FDD67 /* Service.swift */,
			);
			path = Service;
			sourceTree = "<group>";
		};
		52C006912AA78964006633F1 /* View */ = {
			isa = PBXGroup;
			children = (
				52BF15622AA8AE0F00167E5C /* AuthButton.swift */,
				52917DF02AA9A16F000FDD67 /* LocationInputActivationView.swift */,
				52917DF22AA9DEF3000FDD67 /* LocationInputView.swift */,
				52917DF42AAAF2B1000FDD67 /* LocationCell.swift */,
				52A3A69F2AB4971E00AD0B09 /* RideActionView.swift */,
			);
			path = View;
			sourceTree = "<group>";
		};
		52C006922AA78965006633F1 /* Model */ = {
			isa = PBXGroup;
			children = (
				52917DF82AAB448A000FDD67 /* User.swift */,
				52698AD02AB3232B0054E987 /* DriverAnnatation.swift */,
				52A3A6A12AB4E01C00AD0B09 /* Trip.swift */,
			);
			path = Model;
			sourceTree = "<group>";
		};
		9D69DAD5AE59310965EF200D /* Pods */ = {
			isa = PBXGroup;
			children = (
				0B023CD4F25542D7966DBB26 /* Pods-UBER.debug.xcconfig */,
				333F0D6258D68227EBEC3852 /* Pods-UBER.release.xcconfig */,
			);
			path = Pods;
			sourceTree = "<group>";
		};
/* End PBXGroup section */

/* Begin PBXNativeTarget section */
		52C006762AA7884A006633F1 /* UBER */ = {
			isa = PBXNativeTarget;
			buildConfigurationList = 52C0068B2AA7884C006633F1 /* Build configuration list for PBXNativeTarget "UBER" */;
			buildPhases = (
				9A5AC172C01241994E86395A /* [CP] Check Pods Manifest.lock */,
				52C006732AA7884A006633F1 /* Sources */,
				52C006742AA7884A006633F1 /* Frameworks */,
				52C006752AA7884A006633F1 /* Resources */,
				AE37A65003878F244075BCA8 /* [CP] Embed Pods Frameworks */,
			);
			buildRules = (
			);
			dependencies = (
			);
			name = UBER;
			productName = UBER;
			productReference = 52C006772AA7884A006633F1 /* UBER.app */;
			productType = "com.apple.product-type.application";
		};
/* End PBXNativeTarget section */

/* Begin PBXProject section */
		52C0066F2AA7884A006633F1 /* Project object */ = {
			isa = PBXProject;
			attributes = {
				BuildIndependentTargetsInParallel = 1;
				LastSwiftUpdateCheck = 1430;
				LastUpgradeCheck = 1430;
				TargetAttributes = {
					52C006762AA7884A006633F1 = {
						CreatedOnToolsVersion = 14.3.1;
					};
				};
			};
			buildConfigurationList = 52C006722AA7884A006633F1 /* Build configuration list for PBXProject "UBER" */;
			compatibilityVersion = "Xcode 14.0";
			developmentRegion = en;
			hasScannedForEncodings = 0;
			knownRegions = (
				en,
				Base,
			);
			mainGroup = 52C0066E2AA7884A006633F1;
			productRefGroup = 52C006782AA7884A006633F1 /* Products */;
			projectDirPath = "";
			projectRoot = "";
			targets = (
				52C006762AA7884A006633F1 /* UBER */,
			);
		};
/* End PBXProject section */

/* Begin PBXResourcesBuildPhase section */
		52C006752AA7884A006633F1 /* Resources */ = {
			isa = PBXResourcesBuildPhase;
			buildActionMask = 2147483647;
			files = (
				52C006872AA7884C006633F1 /* LaunchScreen.storyboard in Resources */,
				52C006842AA7884C006633F1 /* Assets.xcassets in Resources */,
				52BF15652AA8BC1500167E5C /* GoogleService-Info.plist in Resources */,
			);
			runOnlyForDeploymentPostprocessing = 0;
		};
/* End PBXResourcesBuildPhase section */

/* Begin PBXShellScriptBuildPhase section */
		9A5AC172C01241994E86395A /* [CP] Check Pods Manifest.lock */ = {
			isa = PBXShellScriptBuildPhase;
			buildActionMask = 2147483647;
			files = (
			);
			inputFileListPaths = (
			);
			inputPaths = (
				"${PODS_PODFILE_DIR_PATH}/Podfile.lock",
				"${PODS_ROOT}/Manifest.lock",
			);
			name = "[CP] Check Pods Manifest.lock";
			outputFileListPaths = (
			);
			outputPaths = (
				"$(DERIVED_FILE_DIR)/Pods-UBER-checkManifestLockResult.txt",
			);
			runOnlyForDeploymentPostprocessing = 0;
			shellPath = /bin/sh;
			shellScript = "diff \"${PODS_PODFILE_DIR_PATH}/Podfile.lock\" \"${PODS_ROOT}/Manifest.lock\" > /dev/null\nif [ $? != 0 ] ; then\n    # print error to STDERR\n    echo \"error: The sandbox is not in sync with the Podfile.lock. Run 'pod install' or update your CocoaPods installation.\" >&2\n    exit 1\nfi\n# This output is used by Xcode 'outputs' to avoid re-running this script phase.\necho \"SUCCESS\" > \"${SCRIPT_OUTPUT_FILE_0}\"\n";
			showEnvVarsInLog = 0;
		};
		AE37A65003878F244075BCA8 /* [CP] Embed Pods Frameworks */ = {
			isa = PBXShellScriptBuildPhase;
			buildActionMask = 2147483647;
			files = (
			);
			inputFileListPaths = (
				"${PODS_ROOT}/Target Support Files/Pods-UBER/Pods-UBER-frameworks-${CONFIGURATION}-input-files.xcfilelist",
			);
			name = "[CP] Embed Pods Frameworks";
			outputFileListPaths = (
				"${PODS_ROOT}/Target Support Files/Pods-UBER/Pods-UBER-frameworks-${CONFIGURATION}-output-files.xcfilelist",
			);
			runOnlyForDeploymentPostprocessing = 0;
			shellPath = /bin/sh;
			shellScript = "\"${PODS_ROOT}/Target Support Files/Pods-UBER/Pods-UBER-frameworks.sh\"\n";
			showEnvVarsInLog = 0;
		};
/* End PBXShellScriptBuildPhase section */

/* Begin PBXSourcesBuildPhase section */
		52C006732AA7884A006633F1 /* Sources */ = {
			isa = PBXSourcesBuildPhase;
			buildActionMask = 2147483647;
			files = (
				52A3A6A22AB4E01C00AD0B09 /* Trip.swift in Sources */,
				52BF15612AA8577B00167E5C /* SignUpController.swift in Sources */,
				52917DF32AA9DEF3000FDD67 /* LocationInputView.swift in Sources */,
				52BF15632AA8AE0F00167E5C /* AuthButton.swift in Sources */,
				52917DFB2AAB6104000FDD67 /* LocationHandler.swift in Sources */,
				52C0067B2AA7884A006633F1 /* AppDelegate.swift in Sources */,
				52BF155F2AA817D300167E5C /* LoginController.swift in Sources */,
				52C006962AA7924F006633F1 /* Extantions.swift in Sources */,
				52698AD12AB3232B0054E987 /* DriverAnnatation.swift in Sources */,
				52917DF52AAAF2B1000FDD67 /* LocationCell.swift in Sources */,
				52917DF72AAB394D000FDD67 /* Service.swift in Sources */,
				52917DF12AA9A16F000FDD67 /* LocationInputActivationView.swift in Sources */,
				52BF15672AA8F5CD00167E5C /* HomeViewController.swift in Sources */,
				52A3A6A02AB4971E00AD0B09 /* RideActionView.swift in Sources */,
				52917DF92AAB448A000FDD67 /* User.swift in Sources */,
			);
			runOnlyForDeploymentPostprocessing = 0;
		};
/* End PBXSourcesBuildPhase section */

/* Begin PBXVariantGroup section */
		52C006852AA7884C006633F1 /* LaunchScreen.storyboard */ = {
			isa = PBXVariantGroup;
			children = (
				52C006862AA7884C006633F1 /* Base */,
			);
			name = LaunchScreen.storyboard;
			sourceTree = "<group>";
		};
/* End PBXVariantGroup section */

/* Begin XCBuildConfiguration section */
		52C006892AA7884C006633F1 /* Debug */ = {
			isa = XCBuildConfiguration;
			buildSettings = {
				ALWAYS_SEARCH_USER_PATHS = NO;
				CLANG_ANALYZER_NONNULL = YES;
				CLANG_ANALYZER_NUMBER_OBJECT_CONVERSION = YES_AGGRESSIVE;
				CLANG_CXX_LANGUAGE_STANDARD = "gnu++20";
				CLANG_ENABLE_MODULES = YES;
				CLANG_ENABLE_OBJC_ARC = YES;
				CLANG_ENABLE_OBJC_WEAK = YES;
				CLANG_WARN_BLOCK_CAPTURE_AUTORELEASING = YES;
				CLANG_WARN_BOOL_CONVERSION = YES;
				CLANG_WARN_COMMA = YES;
				CLANG_WARN_CONSTANT_CONVERSION = YES;
				CLANG_WARN_DEPRECATED_OBJC_IMPLEMENTATIONS = YES;
				CLANG_WARN_DIRECT_OBJC_ISA_USAGE = YES_ERROR;
				CLANG_WARN_DOCUMENTATION_COMMENTS = YES;
				CLANG_WARN_EMPTY_BODY = YES;
				CLANG_WARN_ENUM_CONVERSION = YES;
				CLANG_WARN_INFINITE_RECURSION = YES;
				CLANG_WARN_INT_CONVERSION = YES;
				CLANG_WARN_NON_LITERAL_NULL_CONVERSION = YES;
				CLANG_WARN_OBJC_IMPLICIT_RETAIN_SELF = YES;
				CLANG_WARN_OBJC_LITERAL_CONVERSION = YES;
				CLANG_WARN_OBJC_ROOT_CLASS = YES_ERROR;
				CLANG_WARN_QUOTED_INCLUDE_IN_FRAMEWORK_HEADER = YES;
				CLANG_WARN_RANGE_LOOP_ANALYSIS = YES;
				CLANG_WARN_STRICT_PROTOTYPES = YES;
				CLANG_WARN_SUSPICIOUS_MOVE = YES;
				CLANG_WARN_UNGUARDED_AVAILABILITY = YES_AGGRESSIVE;
				CLANG_WARN_UNREACHABLE_CODE = YES;
				CLANG_WARN__DUPLICATE_METHOD_MATCH = YES;
				COPY_PHASE_STRIP = NO;
				DEBUG_INFORMATION_FORMAT = dwarf;
				ENABLE_STRICT_OBJC_MSGSEND = YES;
				ENABLE_TESTABILITY = YES;
				GCC_C_LANGUAGE_STANDARD = gnu11;
				GCC_DYNAMIC_NO_PIC = NO;
				GCC_NO_COMMON_BLOCKS = YES;
				GCC_OPTIMIZATION_LEVEL = 0;
				GCC_PREPROCESSOR_DEFINITIONS = (
					"DEBUG=1",
					"$(inherited)",
				);
				GCC_WARN_64_TO_32_BIT_CONVERSION = YES;
				GCC_WARN_ABOUT_RETURN_TYPE = YES_ERROR;
				GCC_WARN_UNDECLARED_SELECTOR = YES;
				GCC_WARN_UNINITIALIZED_AUTOS = YES_AGGRESSIVE;
				GCC_WARN_UNUSED_FUNCTION = YES;
				GCC_WARN_UNUSED_VARIABLE = YES;
				IPHONEOS_DEPLOYMENT_TARGET = 16.4;
				MTL_ENABLE_DEBUG_INFO = INCLUDE_SOURCE;
				MTL_FAST_MATH = YES;
				ONLY_ACTIVE_ARCH = YES;
				SDKROOT = iphoneos;
				SWIFT_ACTIVE_COMPILATION_CONDITIONS = DEBUG;
				SWIFT_OPTIMIZATION_LEVEL = "-Onone";
			};
			name = Debug;
		};
		52C0068A2AA7884C006633F1 /* Release */ = {
			isa = XCBuildConfiguration;
			buildSettings = {
				ALWAYS_SEARCH_USER_PATHS = NO;
				CLANG_ANALYZER_NONNULL = YES;
				CLANG_ANALYZER_NUMBER_OBJECT_CONVERSION = YES_AGGRESSIVE;
				CLANG_CXX_LANGUAGE_STANDARD = "gnu++20";
				CLANG_ENABLE_MODULES = YES;
				CLANG_ENABLE_OBJC_ARC = YES;
				CLANG_ENABLE_OBJC_WEAK = YES;
				CLANG_WARN_BLOCK_CAPTURE_AUTORELEASING = YES;
				CLANG_WARN_BOOL_CONVERSION = YES;
				CLANG_WARN_COMMA = YES;
				CLANG_WARN_CONSTANT_CONVERSION = YES;
				CLANG_WARN_DEPRECATED_OBJC_IMPLEMENTATIONS = YES;
				CLANG_WARN_DIRECT_OBJC_ISA_USAGE = YES_ERROR;
				CLANG_WARN_DOCUMENTATION_COMMENTS = YES;
				CLANG_WARN_EMPTY_BODY = YES;
				CLANG_WARN_ENUM_CONVERSION = YES;
				CLANG_WARN_INFINITE_RECURSION = YES;
				CLANG_WARN_INT_CONVERSION = YES;
				CLANG_WARN_NON_LITERAL_NULL_CONVERSION = YES;
				CLANG_WARN_OBJC_IMPLICIT_RETAIN_SELF = YES;
				CLANG_WARN_OBJC_LITERAL_CONVERSION = YES;
				CLANG_WARN_OBJC_ROOT_CLASS = YES_ERROR;
				CLANG_WARN_QUOTED_INCLUDE_IN_FRAMEWORK_HEADER = YES;
				CLANG_WARN_RANGE_LOOP_ANALYSIS = YES;
				CLANG_WARN_STRICT_PROTOTYPES = YES;
				CLANG_WARN_SUSPICIOUS_MOVE = YES;
				CLANG_WARN_UNGUARDED_AVAILABILITY = YES_AGGRESSIVE;
				CLANG_WARN_UNREACHABLE_CODE = YES;
				CLANG_WARN__DUPLICATE_METHOD_MATCH = YES;
				COPY_PHASE_STRIP = NO;
				DEBUG_INFORMATION_FORMAT = "dwarf-with-dsym";
				ENABLE_NS_ASSERTIONS = NO;
				ENABLE_STRICT_OBJC_MSGSEND = YES;
				GCC_C_LANGUAGE_STANDARD = gnu11;
				GCC_NO_COMMON_BLOCKS = YES;
				GCC_WARN_64_TO_32_BIT_CONVERSION = YES;
				GCC_WARN_ABOUT_RETURN_TYPE = YES_ERROR;
				GCC_WARN_UNDECLARED_SELECTOR = YES;
				GCC_WARN_UNINITIALIZED_AUTOS = YES_AGGRESSIVE;
				GCC_WARN_UNUSED_FUNCTION = YES;
				GCC_WARN_UNUSED_VARIABLE = YES;
				IPHONEOS_DEPLOYMENT_TARGET = 16.4;
				MTL_ENABLE_DEBUG_INFO = NO;
				MTL_FAST_MATH = YES;
				SDKROOT = iphoneos;
				SWIFT_COMPILATION_MODE = wholemodule;
				SWIFT_OPTIMIZATION_LEVEL = "-O";
				VALIDATE_PRODUCT = YES;
			};
			name = Release;
		};
		52C0068C2AA7884C006633F1 /* Debug */ = {
			isa = XCBuildConfiguration;
			baseConfigurationReference = 0B023CD4F25542D7966DBB26 /* Pods-UBER.debug.xcconfig */;
			buildSettings = {
				ASSETCATALOG_COMPILER_APPICON_NAME = AppIcon;
				ASSETCATALOG_COMPILER_GLOBAL_ACCENT_COLOR_NAME = AccentColor;
				CODE_SIGN_STYLE = Automatic;
				CURRENT_PROJECT_VERSION = 1;
				DEVELOPMENT_TEAM = 8UVFYTC46Q;
				GENERATE_INFOPLIST_FILE = YES;
				INFOPLIST_FILE = UBER/Info.plist;
				INFOPLIST_KEY_UIApplicationSupportsIndirectInputEvents = YES;
				INFOPLIST_KEY_UILaunchStoryboardName = LaunchScreen;
				INFOPLIST_KEY_UIMainStoryboardFile = "";
				INFOPLIST_KEY_UISupportedInterfaceOrientations_iPad = "UIInterfaceOrientationPortrait UIInterfaceOrientationPortraitUpsideDown UIInterfaceOrientationLandscapeLeft UIInterfaceOrientationLandscapeRight";
				INFOPLIST_KEY_UISupportedInterfaceOrientations_iPhone = "UIInterfaceOrientationPortrait UIInterfaceOrientationLandscapeLeft UIInterfaceOrientationLandscapeRight";
				LD_RUNPATH_SEARCH_PATHS = (
					"$(inherited)",
					"@executable_path/Frameworks",
				);
				MARKETING_VERSION = 1.0;
				PRODUCT_BUNDLE_IDENTIFIER = co.dilshodbek.UBER;
				PRODUCT_NAME = "$(TARGET_NAME)";
				SWIFT_EMIT_LOC_STRINGS = YES;
				SWIFT_VERSION = 5.0;
				TARGETED_DEVICE_FAMILY = "1,2";
			};
			name = Debug;
		};
		52C0068D2AA7884C006633F1 /* Release */ = {
			isa = XCBuildConfiguration;
			baseConfigurationReference = 333F0D6258D68227EBEC3852 /* Pods-UBER.release.xcconfig */;
			buildSettings = {
				ASSETCATALOG_COMPILER_APPICON_NAME = AppIcon;
				ASSETCATALOG_COMPILER_GLOBAL_ACCENT_COLOR_NAME = AccentColor;
				CODE_SIGN_STYLE = Automatic;
				CURRENT_PROJECT_VERSION = 1;
				DEVELOPMENT_TEAM = 8UVFYTC46Q;
				GENERATE_INFOPLIST_FILE = YES;
				INFOPLIST_FILE = UBER/Info.plist;
				INFOPLIST_KEY_UIApplicationSupportsIndirectInputEvents = YES;
				INFOPLIST_KEY_UILaunchStoryboardName = LaunchScreen;
				INFOPLIST_KEY_UIMainStoryboardFile = "";
				INFOPLIST_KEY_UISupportedInterfaceOrientations_iPad = "UIInterfaceOrientationPortrait UIInterfaceOrientationPortraitUpsideDown UIInterfaceOrientationLandscapeLeft UIInterfaceOrientationLandscapeRight";
				INFOPLIST_KEY_UISupportedInterfaceOrientations_iPhone = "UIInterfaceOrientationPortrait UIInterfaceOrientationLandscapeLeft UIInterfaceOrientationLandscapeRight";
				LD_RUNPATH_SEARCH_PATHS = (
					"$(inherited)",
					"@executable_path/Frameworks",
				);
				MARKETING_VERSION = 1.0;
				PRODUCT_BUNDLE_IDENTIFIER = co.dilshodbek.UBER;
				PRODUCT_NAME = "$(TARGET_NAME)";
				SWIFT_EMIT_LOC_STRINGS = YES;
				SWIFT_VERSION = 5.0;
				TARGETED_DEVICE_FAMILY = "1,2";
			};
			name = Release;
		};
/* End XCBuildConfiguration section */

/* Begin XCConfigurationList section */
		52C006722AA7884A006633F1 /* Build configuration list for PBXProject "UBER" */ = {
			isa = XCConfigurationList;
			buildConfigurations = (
				52C006892AA7884C006633F1 /* Debug */,
				52C0068A2AA7884C006633F1 /* Release */,
			);
			defaultConfigurationIsVisible = 0;
			defaultConfigurationName = Release;
		};
		52C0068B2AA7884C006633F1 /* Build configuration list for PBXNativeTarget "UBER" */ = {
			isa = XCConfigurationList;
			buildConfigurations = (
				52C0068C2AA7884C006633F1 /* Debug */,
				52C0068D2AA7884C006633F1 /* Release */,
			);
			defaultConfigurationIsVisible = 0;
			defaultConfigurationName = Release;
		};
/* End XCConfigurationList section */
	};
	rootObject = 52C0066F2AA7884A006633F1 /* Project object */;
}
